
Microsoft Visual Studio Solution File, Format Version 12.00
# Visual Studio Version 17
VisualStudioVersion = 17.2.32616.157
MinimumVisualStudioVersion = 10.0.40219.1
Project("{FAE04EC0-301F-11D3-BF4B-00C04F79EFBC}") = "Home Work 2", "Home Work 2\Home Work 2.csproj", "{CD001B08-1B65-4847-B00F-EBF2244F208D}"
EndProject
Global
	GlobalSection(SolutionConfigurationPlatforms) = preSolution
		Debug|Any CPU = Debug|Any CPU
		Release|Any CPU = Release|Any CPU
	EndGlobalSection
	GlobalSection(ProjectConfigurationPlatforms) = postSolution
		{CD001B08-1B65-4847-B00F-EBF2244F208D}.Debug|Any CPU.ActiveCfg = Debug|Any CPU
		{CD001B08-1B65-4847-B00F-EBF2244F208D}.Debug|Any CPU.Build.0 = Debug|Any CPU
		{CD001B08-1B65-4847-B00F-EBF2244F208D}.Release|Any CPU.ActiveCfg = Release|Any CPU
		{CD001B08-1B65-4847-B00F-EBF2244F208D}.Release|Any CPU.Build.0 = Release|Any CPU
	EndGlobalSection
	GlobalSection(SolutionProperties) = preSolution
		HideSolutionNode = FALSE
	EndGlobalSection
	GlobalSection(ExtensibilityGlobals) = postSolution
		SolutionGuid = {4DB80C2E-B0C1-49A3-85D8-7127911956AC}
	EndGlobalSection
EndGlobal
